
Microsoft Visual Studio Solution File, Format Version 12.00
# Visual Studio 2012
Project("{FAE04EC0-301F-11D3-BF4B-00C04F79EFBC}") = "AHDC.External_RESTful", "AHDC.External_RESTful\AHDC.External_RESTful.csproj", "{7945221F-C8D4-4F20-BC24-49FF08292379}"
EndProject
Project("{2150E333-8FDC-42A3-9474-1A3956D46DE8}") = ".nuget", ".nuget", "{D8A5A35D-09AA-412C-BAD7-E278A3F5A77D}"
	ProjectSection(SolutionItems) = preProject
		.nuget\NuGet.Config = .nuget\NuGet.Config
		.nuget\NuGet.exe = .nuget\NuGet.exe
		.nuget\NuGet.targets = .nuget\NuGet.targets
	EndProjectSection
EndProject
Global
	GlobalSection(SolutionConfigurationPlatforms) = preSolution
		Debug|Any CPU = Debug|Any CPU
		Release|Any CPU = Release|Any CPU
	EndGlobalSection
	GlobalSection(ProjectConfigurationPlatforms) = postSolution
		{7945221F-C8D4-4F20-BC24-49FF08292379}.Debug|Any CPU.ActiveCfg = Debug|Any CPU
		{7945221F-C8D4-4F20-BC24-49FF08292379}.Debug|Any CPU.Build.0 = Debug|Any CPU
		{7945221F-C8D4-4F20-BC24-49FF08292379}.Release|Any CPU.ActiveCfg = Release|Any CPU
		{7945221F-C8D4-4F20-BC24-49FF08292379}.Release|Any CPU.Build.0 = Release|Any CPU
	EndGlobalSection
	GlobalSection(SolutionProperties) = preSolution
		HideSolutionNode = FALSE
	EndGlobalSection
EndGlobal
